
Microsoft Visual Studio Solution File, Format Version 12.00
# Visual Studio Version 16
VisualStudioVersion = 16.0.30114.105
MinimumVisualStudioVersion = 10.0.40219.1
Project("{FAE04EC0-301F-11D3-BF4B-00C04F79EFBC}") = "MonteCarloTreeSearch", "MonteCarloTreeSearch\MonteCarloTreeSearch.csproj", "{F1F5ADA5-477C-4416-B424-0721E05114CA}"
EndProject
Project("{FAE04EC0-301F-11D3-BF4B-00C04F79EFBC}") = "MonteCarloTreeSearch.Tests", "MonteCarloTreeSearch.Tests\MonteCarloTreeSearch.Tests.csproj", "{042A1C3B-28BF-463A-99C7-BC1C205FCF50}"
EndProject
Global
	GlobalSection(SolutionConfigurationPlatforms) = preSolution
		Debug|Any CPU = Debug|Any CPU
		Release|Any CPU = Release|Any CPU
	EndGlobalSection
	GlobalSection(SolutionProperties) = preSolution
		HideSolutionNode = FALSE
	EndGlobalSection
	GlobalSection(ProjectConfigurationPlatforms) = postSolution
		{F1F5ADA5-477C-4416-B424-0721E05114CA}.Debug|Any CPU.ActiveCfg = Debug|Any CPU
		{F1F5ADA5-477C-4416-B424-0721E05114CA}.Debug|Any CPU.Build.0 = Debug|Any CPU
		{F1F5ADA5-477C-4416-B424-0721E05114CA}.Release|Any CPU.ActiveCfg = Release|Any CPU
		{F1F5ADA5-477C-4416-B424-0721E05114CA}.Release|Any CPU.Build.0 = Release|Any CPU
		{042A1C3B-28BF-463A-99C7-BC1C205FCF50}.Debug|Any CPU.ActiveCfg = Debug|Any CPU
		{042A1C3B-28BF-463A-99C7-BC1C205FCF50}.Debug|Any CPU.Build.0 = Debug|Any CPU
		{042A1C3B-28BF-463A-99C7-BC1C205FCF50}.Release|Any CPU.ActiveCfg = Release|Any CPU
		{042A1C3B-28BF-463A-99C7-BC1C205FCF50}.Release|Any CPU.Build.0 = Release|Any CPU
	EndGlobalSection
EndGlobal
